// !$*UTF8*$!
{
	archiveVersion = 1;
	classes = {
	};
	objectVersion = 50;
	objects = {

/* Begin PBXBuildFile section */
		2656C2B9259C7980007427C4 /* AppDelegate.swift in Sources */ = {isa = PBXBuildFile; fileRef = 2656C2B8259C7980007427C4 /* AppDelegate.swift */; };
		2656C2BB259C7980007427C4 /* SceneDelegate.swift in Sources */ = {isa = PBXBuildFile; fileRef = 2656C2BA259C7980007427C4 /* SceneDelegate.swift */; };
		2656C2BD259C7980007427C4 /* ViewController.swift in Sources */ = {isa = PBXBuildFile; fileRef = 2656C2BC259C7980007427C4 /* ViewController.swift */; };
		2656C2C0259C7980007427C4 /* Main.storyboard in Resources */ = {isa = PBXBuildFile; fileRef = 2656C2BE259C7980007427C4 /* Main.storyboard */; };
		2656C2C2259C7981007427C4 /* Assets.xcassets in Resources */ = {isa = PBXBuildFile; fileRef = 2656C2C1259C7981007427C4 /* Assets.xcassets */; };
		2656C2C5259C7981007427C4 /* LaunchScreen.storyboard in Resources */ = {isa = PBXBuildFile; fileRef = 2656C2C3259C7981007427C4 /* LaunchScreen.storyboard */; };
/* End PBXBuildFile section */

/* Begin PBXFileReference section */
		2656C2B5259C7980007427C4 /* MyToDoApp.app */ = {isa = PBXFileReference; explicitFileType = wrapper.application; includeInIndex = 0; path = MyToDoApp.app; sourceTree = BUILT_PRODUCTS_DIR; };
		2656C2B8259C7980007427C4 /* AppDelegate.swift */ = {isa = PBXFileReference; lastKnownFileType = sourcecode.swift; path = AppDelegate.swift; sourceTree = "<group>"; };
		2656C2BA259C7980007427C4 /* SceneDelegate.swift */ = {isa = PBXFileReference; lastKnownFileType = sourcecode.swift; path = SceneDelegate.swift; sourceTree = "<group>"; };
		2656C2BC259C7980007427C4 /* ViewController.swift */ = {isa = PBXFileReference; lastKnownFileType = sourcecode.swift; path = ViewController.swift; sourceTree = "<group>"; };
		2656C2BF259C7980007427C4 /* Base */ = {isa = PBXFileReference; lastKnownFileType = file.storyboard; name = Base; path = Base.lproj/Main.storyboard; sourceTree = "<group>"; };
		2656C2C1259C7981007427C4 /* Assets.xcassets */ = {isa = PBXFileReference; lastKnownFileType = folder.assetcatalog; path = Assets.xcassets; sourceTree = "<group>"; };
		2656C2C4259C7981007427C4 /* Base */ = {isa = PBXFileReference; lastKnownFileType = file.storyboard; name = Base; path = Base.lproj/LaunchScreen.storyboard; sourceTree = "<group>"; };
		2656C2C6259C7981007427C4 /* Info.plist */ = {isa = PBXFileReference; lastKnownFileType = text.plist.xml; path = Info.plist; sourceTree = "<group>"; };
		A61C5B1B41876CBE2685D2D9 /* Pods-MyToDoApp.release.xcconfig */ = {isa = PBXFileReference; includeInIndex = 1; lastKnownFileType = text.xcconfig; name = "Pods-MyToDoApp.release.xcconfig"; path = "Target Support Files/Pods-MyToDoApp/Pods-MyToDoApp.release.xcconfig"; sourceTree = "<group>"; };
		A631F480FFA9567E54470437 /* Pods_MyToDoApp.framework */ = {isa = PBXFileReference; explicitFileType = wrapper.framework; includeInIndex = 0; path = Pods_MyToDoApp.framework; sourceTree = BUILT_PRODUCTS_DIR; };
		EDEE46A2FC03047B994CD105 /* Pods-MyToDoApp.debug.xcconfig */ = {isa = PBXFileReference; includeInIndex = 1; lastKnownFileType = text.xcconfig; name = "Pods-MyToDoApp.debug.xcconfig"; path = "Target Support Files/Pods-MyToDoApp/Pods-MyToDoApp.debug.xcconfig"; sourceTree = "<group>"; };
/* End PBXFileReference section */

/* Begin PBXFrameworksBuildPhase section */
		2656C2B2259C7980007427C4 /* Frameworks */ = {
			isa = PBXFrameworksBuildPhase;
			buildActionMask = 2147483647;
			files = (
			);
			runOnlyForDeploymentPostprocessing = 0;
		};
/* End PBXFrameworksBuildPhase section */

/* Begin PBXGroup section */
		2656C2AC259C7980007427C4 = {
			isa = PBXGroup;
			children = (
				2656C2B7259C7980007427C4 /* MyToDoApp */,
				2656C2B6259C7980007427C4 /* Products */,
				27A7FFA884CBEA0F44BD0FB7 /* Pods */,
				32FE811B6827F0F25B45882C /* Frameworks */,
			);
			sourceTree = "<group>";
		};
		2656C2B6259C7980007427C4 /* Products */ = {
			isa = PBXGroup;
			children = (
				2656C2B5259C7980007427C4 /* MyToDoApp.app */,
			);
			name = Products;
			sourceTree = "<group>";
		};
		2656C2B7259C7980007427C4 /* MyToDoApp */ = {
			isa = PBXGroup;
			children = (
				2656C2B8259C7980007427C4 /* AppDelegate.swift */,
				2656C2BA259C7980007427C4 /* SceneDelegate.swift */,
				2656C2BC259C7980007427C4 /* ViewController.swift */,
				2656C2BE259C7980007427C4 /* Main.storyboard */,
				2656C2C1259C7981007427C4 /* Assets.xcassets */,
				2656C2C3259C7981007427C4 /* LaunchScreen.storyboard */,
				2656C2C6259C7981007427C4 /* Info.plist */,
			);
			path = MyToDoApp;
			sourceTree = "<group>";
		};
		27A7FFA884CBEA0F44BD0FB7 /* Pods */ = {
			isa = PBXGroup;
			children = (
				EDEE46A2FC03047B994CD105 /* Pods-MyToDoApp.debug.xcconfig */,
				A61C5B1B41876CBE2685D2D9 /* Pods-MyToDoApp.release.xcconfig */,
			);
			path = Pods;
			sourceTree = "<group>";
		};
		32FE811B6827F0F25B45882C /* Frameworks */ = {
			isa = PBXGroup;
			children = (
				A631F480FFA9567E54470437 /* Pods_MyToDoApp.framework */,
			);
			name = Frameworks;
			sourceTree = "<group>";
		};
/* End PBXGroup section */

/* Begin PBXNativeTarget section */
		2656C2B4259C7980007427C4 /* MyToDoApp */ = {
			isa = PBXNativeTarget;
			buildConfigurationList = 2656C2C9259C7981007427C4 /* Build configuration list for PBXNativeTarget "MyToDoApp" */;
			buildPhases = (
				A10E218B9D7F729141720B3B /* [CP] Check Pods Manifest.lock */,
				26114F63259DAF5C00F23CC1 /* SwiftFormat */,
				2656C2B1259C7980007427C4 /* Sources */,
				2656C2B2259C7980007427C4 /* Frameworks */,
				2656C2B3259C7980007427C4 /* Resources */,
			);
			buildRules = (
			);
			dependencies = (
			);
			name = MyToDoApp;
			productName = MyToDoApp;
			productReference = 2656C2B5259C7980007427C4 /* MyToDoApp.app */;
			productType = "com.apple.product-type.application";
		};
/* End PBXNativeTarget section */

/* Begin PBXProject section */
		2656C2AD259C7980007427C4 /* Project object */ = {
			isa = PBXProject;
			attributes = {
				LastSwiftUpdateCheck = 1230;
				LastUpgradeCheck = 1230;
				TargetAttributes = {
					2656C2B4259C7980007427C4 = {
						CreatedOnToolsVersion = 12.3;
					};
				};
			};
			buildConfigurationList = 2656C2B0259C7980007427C4 /* Build configuration list for PBXProject "MyToDoApp" */;
			compatibilityVersion = "Xcode 9.3";
			developmentRegion = en;
			hasScannedForEncodings = 0;
			knownRegions = (
				en,
				Base,
			);
			mainGroup = 2656C2AC259C7980007427C4;
			productRefGroup = 2656C2B6259C7980007427C4 /* Products */;
			projectDirPath = "";
			projectRoot = "";
			targets = (
				2656C2B4259C7980007427C4 /* MyToDoApp */,
			);
		};
/* End PBXProject section */

/* Begin PBXResourcesBuildPhase section */
		2656C2B3259C7980007427C4 /* Resources */ = {
			isa = PBXResourcesBuildPhase;
			buildActionMask = 2147483647;
			files = (
				2656C2C5259C7981007427C4 /* LaunchScreen.storyboard in Resources */,
				2656C2C2259C7981007427C4 /* Assets.xcassets in Resources */,
				2656C2C0259C7980007427C4 /* Main.storyboard in Resources */,
			);
			runOnlyForDeploymentPostprocessing = 0;
		};
/* End PBXResourcesBuildPhase section */

/* Begin PBXShellScriptBuildPhase section */
		26114F63259DAF5C00F23CC1 /* SwiftFormat */ = {
			isa = PBXShellScriptBuildPhase;
			buildActionMask = 2147483647;
			files = (
			);
			inputFileListPaths = (
			);
			inputPaths = (
			);
			name = SwiftFormat;
			outputFileListPaths = (
			);
			outputPaths = (
			);
			runOnlyForDeploymentPostprocessing = 0;
			shellPath = /bin/sh;
			shellScript = "# Type a script or drag a script file from your workspace to insert its path.\n\"${PODS_ROOT}/SwiftFormat/CommandLineTool/swiftformat\" \"$SRCROOT\"\n";
		};
		A10E218B9D7F729141720B3B /* [CP] Check Pods Manifest.lock */ = {
			isa = PBXShellScriptBuildPhase;
			buildActionMask = 2147483647;
			files = (
			);
			inputFileListPaths = (
			);
			inputPaths = (
				"${PODS_PODFILE_DIR_PATH}/Podfile.lock",
				"${PODS_ROOT}/Manifest.lock",
			);
			name = "[CP] Check Pods Manifest.lock";
			outputFileListPaths = (
			);
			outputPaths = (
				"$(DERIVED_FILE_DIR)/Pods-MyToDoApp-checkManifestLockResult.txt",
			);
			runOnlyForDeploymentPostprocessing = 0;
			shellPath = /bin/sh;
			shellScript = "diff \"${PODS_PODFILE_DIR_PATH}/Podfile.lock\" \"${PODS_ROOT}/Manifest.lock\" > /dev/null\nif [ $? != 0 ] ; then\n    # print error to STDERR\n    echo \"error: The sandbox is not in sync with the Podfile.lock. Run 'pod install' or update your CocoaPods installation.\" >&2\n    exit 1\nfi\n# This output is used by Xcode 'outputs' to avoid re-running this script phase.\necho \"SUCCESS\" > \"${SCRIPT_OUTPUT_FILE_0}\"\n";
			showEnvVarsInLog = 0;
		};
/* End PBXShellScriptBuildPhase section */

/* Begin PBXSourcesBuildPhase section */
		2656C2B1259C7980007427C4 /* Sources */ = {
			isa = PBXSourcesBuildPhase;
			buildActionMask = 2147483647;
			files = (
				2656C2BD259C7980007427C4 /* ViewController.swift in Sources */,
				2656C2B9259C7980007427C4 /* AppDelegate.swift in Sources */,
				2656C2BB259C7980007427C4 /* SceneDelegate.swift in Sources */,
			);
			runOnlyForDeploymentPostprocessing = 0;
		};
/* End PBXSourcesBuildPhase section */

/* Begin PBXVariantGroup section */
		2656C2BE259C7980007427C4 /* Main.storyboard */ = {
			isa = PBXVariantGroup;
			children = (
				2656C2BF259C7980007427C4 /* Base */,
			);
			name = Main.storyboard;
			sourceTree = "<group>";
		};
		2656C2C3259C7981007427C4 /* LaunchScreen.storyboard */ = {
			isa = PBXVariantGroup;
			children = (
				2656C2C4259C7981007427C4 /* Base */,
			);
			name = LaunchScreen.storyboard;
			sourceTree = "<group>";
		};
/* End PBXVariantGroup section */

/* Begin XCBuildConfiguration section */
		2656C2C7259C7981007427C4 /* Debug */ = {
			isa = XCBuildConfiguration;
			buildSettings = {
				ALWAYS_SEARCH_USER_PATHS = NO;
				CLANG_ANALYZER_NONNULL = YES;
				CLANG_ANALYZER_NUMBER_OBJECT_CONVERSION = YES_AGGRESSIVE;
				CLANG_CXX_LANGUAGE_STANDARD = "gnu++14";
				CLANG_CXX_LIBRARY = "libc++";
				CLANG_ENABLE_MODULES = YES;
				CLANG_ENABLE_OBJC_ARC = YES;
				CLANG_ENABLE_OBJC_WEAK = YES;
				CLANG_WARN_BLOCK_CAPTURE_AUTORELEASING = YES;
				CLANG_WARN_BOOL_CONVERSION = YES;
				CLANG_WARN_COMMA = YES;
				CLANG_WARN_CONSTANT_CONVERSION = YES;
				CLANG_WARN_DEPRECATED_OBJC_IMPLEMENTATIONS = YES;
				CLANG_WARN_DIRECT_OBJC_ISA_USAGE = YES_ERROR;
				CLANG_WARN_DOCUMENTATION_COMMENTS = YES;
				CLANG_WARN_EMPTY_BODY = YES;
				CLANG_WARN_ENUM_CONVERSION = YES;
				CLANG_WARN_INFINITE_RECURSION = YES;
				CLANG_WARN_INT_CONVERSION = YES;
				CLANG_WARN_NON_LITERAL_NULL_CONVERSION = YES;
				CLANG_WARN_OBJC_IMPLICIT_RETAIN_SELF = YES;
				CLANG_WARN_OBJC_LITERAL_CONVERSION = YES;
				CLANG_WARN_OBJC_ROOT_CLASS = YES_ERROR;
				CLANG_WARN_QUOTED_INCLUDE_IN_FRAMEWORK_HEADER = YES;
				CLANG_WARN_RANGE_LOOP_ANALYSIS = YES;
				CLANG_WARN_STRICT_PROTOTYPES = YES;
				CLANG_WARN_SUSPICIOUS_MOVE = YES;
				CLANG_WARN_UNGUARDED_AVAILABILITY = YES_AGGRESSIVE;
				CLANG_WARN_UNREACHABLE_CODE = YES;
				CLANG_WARN__DUPLICATE_METHOD_MATCH = YES;
				COPY_PHASE_STRIP = NO;
				DEBUG_INFORMATION_FORMAT = dwarf;
				ENABLE_STRICT_OBJC_MSGSEND = YES;
				ENABLE_TESTABILITY = YES;
				GCC_C_LANGUAGE_STANDARD = gnu11;
				GCC_DYNAMIC_NO_PIC = NO;
				GCC_NO_COMMON_BLOCKS = YES;
				GCC_OPTIMIZATION_LEVEL = 0;
				GCC_PREPROCESSOR_DEFINITIONS = (
					"DEBUG=1",
					"$(inherited)",
				);
				GCC_WARN_64_TO_32_BIT_CONVERSION = YES;
				GCC_WARN_ABOUT_RETURN_TYPE = YES_ERROR;
				GCC_WARN_UNDECLARED_SELECTOR = YES;
				GCC_WARN_UNINITIALIZED_AUTOS = YES_AGGRESSIVE;
				GCC_WARN_UNUSED_FUNCTION = YES;
				GCC_WARN_UNUSED_VARIABLE = YES;
				IPHONEOS_DEPLOYMENT_TARGET = 14.3;
				MTL_ENABLE_DEBUG_INFO = INCLUDE_SOURCE;
				MTL_FAST_MATH = YES;
				ONLY_ACTIVE_ARCH = YES;
				SDKROOT = iphoneos;
				SWIFT_ACTIVE_COMPILATION_CONDITIONS = DEBUG;
				SWIFT_OPTIMIZATION_LEVEL = "-Onone";
			};
			name = Debug;
		};
		2656C2C8259C7981007427C4 /* Release */ = {
			isa = XCBuildConfiguration;
			buildSettings = {
				ALWAYS_SEARCH_USER_PATHS = NO;
				CLANG_ANALYZER_NONNULL = YES;
				CLANG_ANALYZER_NUMBER_OBJECT_CONVERSION = YES_AGGRESSIVE;
				CLANG_CXX_LANGUAGE_STANDARD = "gnu++14";
				CLANG_CXX_LIBRARY = "libc++";
				CLANG_ENABLE_MODULES = YES;
				CLANG_ENABLE_OBJC_ARC = YES;
				CLANG_ENABLE_OBJC_WEAK = YES;
				CLANG_WARN_BLOCK_CAPTURE_AUTORELEASING = YES;
				CLANG_WARN_BOOL_CONVERSION = YES;
				CLANG_WARN_COMMA = YES;
				CLANG_WARN_CONSTANT_CONVERSION = YES;
				CLANG_WARN_DEPRECATED_OBJC_IMPLEMENTATIONS = YES;
				CLANG_WARN_DIRECT_OBJC_ISA_USAGE = YES_ERROR;
				CLANG_WARN_DOCUMENTATION_COMMENTS = YES;
				CLANG_WARN_EMPTY_BODY = YES;
				CLANG_WARN_ENUM_CONVERSION = YES;
				CLANG_WARN_INFINITE_RECURSION = YES;
				CLANG_WARN_INT_CONVERSION = YES;
				CLANG_WARN_NON_LITERAL_NULL_CONVERSION = YES;
				CLANG_WARN_OBJC_IMPLICIT_RETAIN_SELF = YES;
				CLANG_WARN_OBJC_LITERAL_CONVERSION = YES;
				CLANG_WARN_OBJC_ROOT_CLASS = YES_ERROR;
				CLANG_WARN_QUOTED_INCLUDE_IN_FRAMEWORK_HEADER = YES;
				CLANG_WARN_RANGE_LOOP_ANALYSIS = YES;
				CLANG_WARN_STRICT_PROTOTYPES = YES;
				CLANG_WARN_SUSPICIOUS_MOVE = YES;
				CLANG_WARN_UNGUARDED_AVAILABILITY = YES_AGGRESSIVE;
				CLANG_WARN_UNREACHABLE_CODE = YES;
				CLANG_WARN__DUPLICATE_METHOD_MATCH = YES;
				COPY_PHASE_STRIP = NO;
				DEBUG_INFORMATION_FORMAT = "dwarf-with-dsym";
				ENABLE_NS_ASSERTIONS = NO;
				ENABLE_STRICT_OBJC_MSGSEND = YES;
				GCC_C_LANGUAGE_STANDARD = gnu11;
				GCC_NO_COMMON_BLOCKS = YES;
				GCC_WARN_64_TO_32_BIT_CONVERSION = YES;
				GCC_WARN_ABOUT_RETURN_TYPE = YES_ERROR;
				GCC_WARN_UNDECLARED_SELECTOR = YES;
				GCC_WARN_UNINITIALIZED_AUTOS = YES_AGGRESSIVE;
				GCC_WARN_UNUSED_FUNCTION = YES;
				GCC_WARN_UNUSED_VARIABLE = YES;
				IPHONEOS_DEPLOYMENT_TARGET = 14.3;
				MTL_ENABLE_DEBUG_INFO = NO;
				MTL_FAST_MATH = YES;
				SDKROOT = iphoneos;
				SWIFT_COMPILATION_MODE = wholemodule;
				SWIFT_OPTIMIZATION_LEVEL = "-O";
				VALIDATE_PRODUCT = YES;
			};
			name = Release;
		};
		2656C2CA259C7981007427C4 /* Debug */ = {
			isa = XCBuildConfiguration;
			baseConfigurationReference = EDEE46A2FC03047B994CD105 /* Pods-MyToDoApp.debug.xcconfig */;
			buildSettings = {
				ASSETCATALOG_COMPILER_APPICON_NAME = AppIcon;
				ASSETCATALOG_COMPILER_GLOBAL_ACCENT_COLOR_NAME = AccentColor;
				CODE_SIGN_STYLE = Automatic;
				DEVELOPMENT_TEAM = E7P8F9S6Q5;
				INFOPLIST_FILE = MyToDoApp/Info.plist;
				LD_RUNPATH_SEARCH_PATHS = (
					"$(inherited)",
					"@executable_path/Frameworks",
				);
				PRODUCT_BUNDLE_IDENTIFIER = "com.dashimaki-dofu.MyToDoApp";
				PRODUCT_NAME = "$(TARGET_NAME)";
				SWIFT_VERSION = 5.0;
				TARGETED_DEVICE_FAMILY = "1,2";
			};
			name = Debug;
		};
		2656C2CB259C7981007427C4 /* Release */ = {
			isa = XCBuildConfiguration;
			baseConfigurationReference = A61C5B1B41876CBE2685D2D9 /* Pods-MyToDoApp.release.xcconfig */;
			buildSettings = {
				ASSETCATALOG_COMPILER_APPICON_NAME = AppIcon;
				ASSETCATALOG_COMPILER_GLOBAL_ACCENT_COLOR_NAME = AccentColor;
				CODE_SIGN_STYLE = Automatic;
				DEVELOPMENT_TEAM = E7P8F9S6Q5;
				INFOPLIST_FILE = MyToDoApp/Info.plist;
				LD_RUNPATH_SEARCH_PATHS = (
					"$(inherited)",
					"@executable_path/Frameworks",
				);
				PRODUCT_BUNDLE_IDENTIFIER = "com.dashimaki-dofu.MyToDoApp";
				PRODUCT_NAME = "$(TARGET_NAME)";
				SWIFT_VERSION = 5.0;
				TARGETED_DEVICE_FAMILY = "1,2";
			};
			name = Release;
		};
/* End XCBuildConfiguration section */

/* Begin XCConfigurationList section */
		2656C2B0259C7980007427C4 /* Build configuration list for PBXProject "MyToDoApp" */ = {
			isa = XCConfigurationList;
			buildConfigurations = (
				2656C2C7259C7981007427C4 /* Debug */,
				2656C2C8259C7981007427C4 /* Release */,
			);
			defaultConfigurationIsVisible = 0;
			defaultConfigurationName = Release;
		};
		2656C2C9259C7981007427C4 /* Build configuration list for PBXNativeTarget "MyToDoApp" */ = {
			isa = XCConfigurationList;
			buildConfigurations = (
				2656C2CA259C7981007427C4 /* Debug */,
				2656C2CB259C7981007427C4 /* Release */,
			);
			defaultConfigurationIsVisible = 0;
			defaultConfigurationName = Release;
		};
/* End XCConfigurationList section */
	};
	rootObject = 2656C2AD259C7980007427C4 /* Project object */;
}
